{
  "name": "react-local",
  "version": "19.0.1",
  "lockfileVersion": 3,
  "requires": true,
  "packages": {
    "": {
      "name": "react-local",
      "version": "19.0.1",
      "dependencies": {
        "react": "^18.0.0-remotea.1"
      }
    },
    "node_modules/react": {
      "version": "18.0.0-remotea.1",
      "resolved": "http://localhost:4873/react/-/react-18.0.0-remotea.1.tgz",
      "integrity": "sha512-OjZJmUxe/EhIqfAmPEBJsidUIuX4/pjegnrr+clsWeq6d6zftinzNaQ5pT+8ZTGSXAH4MuTKrwSd7cerBrhrIQ=="
    }
  }
}
